
Microsoft Visual Studio Solution File, Format Version 12.00
# Visual Studio 15
VisualStudioVersion = 15.0.28010.2026
MinimumVisualStudioVersion = 10.0.40219.1
Project("{FAE04EC0-301F-11D3-BF4B-00C04F79EFBC}") = "WordsEraser", "WordsEraser\WordsEraser.csproj", "{405ED8AB-D1D3-4BDA-9AFA-A713FD61EDB8}"
EndProject
Global
	GlobalSection(SolutionConfigurationPlatforms) = preSolution
		Debug|Any CPU = Debug|Any CPU
		Release|Any CPU = Release|Any CPU
	EndGlobalSection
	GlobalSection(ProjectConfigurationPlatforms) = postSolution
		{405ED8AB-D1D3-4BDA-9AFA-A713FD61EDB8}.Debug|Any CPU.ActiveCfg = Debug|Any CPU
		{405ED8AB-D1D3-4BDA-9AFA-A713FD61EDB8}.Debug|Any CPU.Build.0 = Debug|Any CPU
		{405ED8AB-D1D3-4BDA-9AFA-A713FD61EDB8}.Release|Any CPU.ActiveCfg = Release|Any CPU
		{405ED8AB-D1D3-4BDA-9AFA-A713FD61EDB8}.Release|Any CPU.Build.0 = Release|Any CPU
	EndGlobalSection
	GlobalSection(SolutionProperties) = preSolution
		HideSolutionNode = FALSE
	EndGlobalSection
	GlobalSection(ExtensibilityGlobals) = postSolution
		SolutionGuid = {337C06D7-F147-4BFA-8456-9F55369E0C08}
	EndGlobalSection
EndGlobal
